// !$*UTF8*$!
{
	archiveVersion = 1;
	classes = {
	};
	objectVersion = 46;
	objects = {

/* Begin PBXBuildFile section */
		370A88E1197602EC00E0F16D /* ContextTests.swift in Sources */ = {isa = PBXBuildFile; fileRef = 370A88E0197602EC00E0F16D /* ContextTests.swift */; };
		370A88E31976031000E0F16D /* AppDelegateTests.swift in Sources */ = {isa = PBXBuildFile; fileRef = 370A88E21976031000E0F16D /* AppDelegateTests.swift */; };
		3724025D1956381A0033D2D5 /* AppDelegate.swift in Sources */ = {isa = PBXBuildFile; fileRef = 3724025C1956381A0033D2D5 /* AppDelegate.swift */; };
		372402601956381A0033D2D5 /* GatineauSwift.xcdatamodeld in Sources */ = {isa = PBXBuildFile; fileRef = 3724025E1956381A0033D2D5 /* GatineauSwift.xcdatamodeld */; };
		372402621956381A0033D2D5 /* ViewController.swift in Sources */ = {isa = PBXBuildFile; fileRef = 372402611956381A0033D2D5 /* ViewController.swift */; };
		372402651956381A0033D2D5 /* Main.storyboard in Resources */ = {isa = PBXBuildFile; fileRef = 372402631956381A0033D2D5 /* Main.storyboard */; };
		372402671956381A0033D2D5 /* Images.xcassets in Resources */ = {isa = PBXBuildFile; fileRef = 372402661956381A0033D2D5 /* Images.xcassets */; };
		372402731956381A0033D2D5 /* GatineauSwiftTests.swift in Sources */ = {isa = PBXBuildFile; fileRef = 372402721956381A0033D2D5 /* GatineauSwiftTests.swift */; };
		3724027D19563BA10033D2D5 /* Context.swift in Sources */ = {isa = PBXBuildFile; fileRef = 3724027C19563BA10033D2D5 /* Context.swift */; };
		3724027F195641540033D2D5 /* AppDefaults.swift in Sources */ = {isa = PBXBuildFile; fileRef = 3724027E195641540033D2D5 /* AppDefaults.swift */; };
		37240281195641A30033D2D5 /* AppDefaultsTests.swift in Sources */ = {isa = PBXBuildFile; fileRef = 37240280195641A30033D2D5 /* AppDefaultsTests.swift */; };
/* End PBXBuildFile section */

/* Begin PBXContainerItemProxy section */
		3724026D1956381A0033D2D5 /* PBXContainerItemProxy */ = {
			isa = PBXContainerItemProxy;
			containerPortal = 3724024F1956381A0033D2D5 /* Project object */;
			proxyType = 1;
			remoteGlobalIDString = 372402561956381A0033D2D5;
			remoteInfo = GatineauSwift;
		};
/* End PBXContainerItemProxy section */

/* Begin PBXFileReference section */
		370A88E0197602EC00E0F16D /* ContextTests.swift */ = {isa = PBXFileReference; fileEncoding = 4; lastKnownFileType = sourcecode.swift; path = ContextTests.swift; sourceTree = "<group>"; };
		370A88E21976031000E0F16D /* AppDelegateTests.swift */ = {isa = PBXFileReference; fileEncoding = 4; lastKnownFileType = sourcecode.swift; path = AppDelegateTests.swift; sourceTree = "<group>"; };
		370A88E41976092B00E0F16D /* README.md */ = {isa = PBXFileReference; lastKnownFileType = net.daringfireball.markdown; path = README.md; sourceTree = "<group>"; };
		372402571956381A0033D2D5 /* GatineauSwift.app */ = {isa = PBXFileReference; explicitFileType = wrapper.application; includeInIndex = 0; path = GatineauSwift.app; sourceTree = BUILT_PRODUCTS_DIR; };
		3724025B1956381A0033D2D5 /* Info.plist */ = {isa = PBXFileReference; lastKnownFileType = text.plist.xml; path = Info.plist; sourceTree = "<group>"; };
		3724025C1956381A0033D2D5 /* AppDelegate.swift */ = {isa = PBXFileReference; lastKnownFileType = sourcecode.swift; path = AppDelegate.swift; sourceTree = "<group>"; };
		3724025F1956381A0033D2D5 /* GatineauSwift.xcdatamodel */ = {isa = PBXFileReference; lastKnownFileType = wrapper.xcdatamodel; path = GatineauSwift.xcdatamodel; sourceTree = "<group>"; };
		372402611956381A0033D2D5 /* ViewController.swift */ = {isa = PBXFileReference; lastKnownFileType = sourcecode.swift; path = ViewController.swift; sourceTree = "<group>"; };
		372402641956381A0033D2D5 /* Base */ = {isa = PBXFileReference; lastKnownFileType = file.storyboard; name = Base; path = Base.lproj/Main.storyboard; sourceTree = "<group>"; };
		372402661956381A0033D2D5 /* Images.xcassets */ = {isa = PBXFileReference; lastKnownFileType = folder.assetcatalog; path = Images.xcassets; sourceTree = "<group>"; };
		3724026C1956381A0033D2D5 /* GatineauSwiftTests.xctest */ = {isa = PBXFileReference; explicitFileType = wrapper.cfbundle; includeInIndex = 0; path = GatineauSwiftTests.xctest; sourceTree = BUILT_PRODUCTS_DIR; };
		372402711956381A0033D2D5 /* Info.plist */ = {isa = PBXFileReference; lastKnownFileType = text.plist.xml; path = Info.plist; sourceTree = "<group>"; };
		372402721956381A0033D2D5 /* GatineauSwiftTests.swift */ = {isa = PBXFileReference; lastKnownFileType = sourcecode.swift; path = GatineauSwiftTests.swift; sourceTree = "<group>"; };
		3724027C19563BA10033D2D5 /* Context.swift */ = {isa = PBXFileReference; fileEncoding = 4; lastKnownFileType = sourcecode.swift; path = Context.swift; sourceTree = "<group>"; };
		3724027E195641540033D2D5 /* AppDefaults.swift */ = {isa = PBXFileReference; fileEncoding = 4; lastKnownFileType = sourcecode.swift; path = AppDefaults.swift; sourceTree = "<group>"; };
		37240280195641A30033D2D5 /* AppDefaultsTests.swift */ = {isa = PBXFileReference; fileEncoding = 4; lastKnownFileType = sourcecode.swift; path = AppDefaultsTests.swift; sourceTree = "<group>"; };
/* End PBXFileReference section */

/* Begin PBXFrameworksBuildPhase section */
		372402541956381A0033D2D5 /* Frameworks */ = {
			isa = PBXFrameworksBuildPhase;
			buildActionMask = 2147483647;
			files = (
			);
			runOnlyForDeploymentPostprocessing = 0;
		};
		372402691956381A0033D2D5 /* Frameworks */ = {
			isa = PBXFrameworksBuildPhase;
			buildActionMask = 2147483647;
			files = (
			);
			runOnlyForDeploymentPostprocessing = 0;
		};
/* End PBXFrameworksBuildPhase section */

/* Begin PBXGroup section */
		3724024E1956381A0033D2D5 = {
			isa = PBXGroup;
			children = (
				370A88E41976092B00E0F16D /* README.md */,
				372402591956381A0033D2D5 /* GatineauSwift */,
				3724026F1956381A0033D2D5 /* GatineauSwiftTests */,
				372402581956381A0033D2D5 /* Products */,
			);
			sourceTree = "<group>";
		};
		372402581956381A0033D2D5 /* Products */ = {
			isa = PBXGroup;
			children = (
				372402571956381A0033D2D5 /* GatineauSwift.app */,
				3724026C1956381A0033D2D5 /* GatineauSwiftTests.xctest */,
			);
			name = Products;
			sourceTree = "<group>";
		};
		372402591956381A0033D2D5 /* GatineauSwift */ = {
			isa = PBXGroup;
			children = (
				3724027E195641540033D2D5 /* AppDefaults.swift */,
				37240280195641A30033D2D5 /* AppDefaultsTests.swift */,
				3724025C1956381A0033D2D5 /* AppDelegate.swift */,
				370A88E21976031000E0F16D /* AppDelegateTests.swift */,
				3724027C19563BA10033D2D5 /* Context.swift */,
				370A88E0197602EC00E0F16D /* ContextTests.swift */,
				372402611956381A0033D2D5 /* ViewController.swift */,
				372402631956381A0033D2D5 /* Main.storyboard */,
				372402661956381A0033D2D5 /* Images.xcassets */,
				3724025E1956381A0033D2D5 /* GatineauSwift.xcdatamodeld */,
				3724025A1956381A0033D2D5 /* Supporting Files */,
			);
			path = GatineauSwift;
			sourceTree = "<group>";
		};
		3724025A1956381A0033D2D5 /* Supporting Files */ = {
			isa = PBXGroup;
			children = (
				3724025B1956381A0033D2D5 /* Info.plist */,
			);
			name = "Supporting Files";
			sourceTree = "<group>";
		};
		3724026F1956381A0033D2D5 /* GatineauSwiftTests */ = {
			isa = PBXGroup;
			children = (
				372402721956381A0033D2D5 /* GatineauSwiftTests.swift */,
				372402701956381A0033D2D5 /* Supporting Files */,
			);
			path = GatineauSwiftTests;
			sourceTree = "<group>";
		};
		372402701956381A0033D2D5 /* Supporting Files */ = {
			isa = PBXGroup;
			children = (
				372402711956381A0033D2D5 /* Info.plist */,
			);
			name = "Supporting Files";
			sourceTree = "<group>";
		};
/* End PBXGroup section */

/* Begin PBXNativeTarget section */
		372402561956381A0033D2D5 /* GatineauSwift */ = {
			isa = PBXNativeTarget;
			buildConfigurationList = 372402761956381A0033D2D5 /* Build configuration list for PBXNativeTarget "GatineauSwift" */;
			buildPhases = (
				372402531956381A0033D2D5 /* Sources */,
				372402541956381A0033D2D5 /* Frameworks */,
				372402551956381A0033D2D5 /* Resources */,
			);
			buildRules = (
			);
			dependencies = (
			);
			name = GatineauSwift;
			productName = GatineauSwift;
			productReference = 372402571956381A0033D2D5 /* GatineauSwift.app */;
			productType = "com.apple.product-type.application";
		};
		3724026B1956381A0033D2D5 /* GatineauSwiftTests */ = {
			isa = PBXNativeTarget;
			buildConfigurationList = 372402791956381A0033D2D5 /* Build configuration list for PBXNativeTarget "GatineauSwiftTests" */;
			buildPhases = (
				372402681956381A0033D2D5 /* Sources */,
				372402691956381A0033D2D5 /* Frameworks */,
				3724026A1956381A0033D2D5 /* Resources */,
			);
			buildRules = (
			);
			dependencies = (
				3724026E1956381A0033D2D5 /* PBXTargetDependency */,
			);
			name = GatineauSwiftTests;
			productName = GatineauSwiftTests;
			productReference = 3724026C1956381A0033D2D5 /* GatineauSwiftTests.xctest */;
			productType = "com.apple.product-type.bundle.unit-test";
		};
/* End PBXNativeTarget section */

/* Begin PBXProject section */
		3724024F1956381A0033D2D5 /* Project object */ = {
			isa = PBXProject;
			attributes = {
				LastUpgradeCheck = 0600;
				ORGANIZATIONNAME = "Philippe Casgrain";
				TargetAttributes = {
					372402561956381A0033D2D5 = {
						CreatedOnToolsVersion = 6.0;
					};
					3724026B1956381A0033D2D5 = {
						CreatedOnToolsVersion = 6.0;
						TestTargetID = 372402561956381A0033D2D5;
					};
				};
			};
			buildConfigurationList = 372402521956381A0033D2D5 /* Build configuration list for PBXProject "GatineauSwift" */;
			compatibilityVersion = "Xcode 3.2";
			developmentRegion = English;
			hasScannedForEncodings = 0;
			knownRegions = (
				en,
				Base,
			);
			mainGroup = 3724024E1956381A0033D2D5;
			productRefGroup = 372402581956381A0033D2D5 /* Products */;
			projectDirPath = "";
			projectRoot = "";
			targets = (
				372402561956381A0033D2D5 /* GatineauSwift */,
				3724026B1956381A0033D2D5 /* GatineauSwiftTests */,
			);
		};
/* End PBXProject section */

/* Begin PBXResourcesBuildPhase section */
		372402551956381A0033D2D5 /* Resources */ = {
			isa = PBXResourcesBuildPhase;
			buildActionMask = 2147483647;
			files = (
				372402651956381A0033D2D5 /* Main.storyboard in Resources */,
				372402671956381A0033D2D5 /* Images.xcassets in Resources */,
			);
			runOnlyForDeploymentPostprocessing = 0;
		};
		3724026A1956381A0033D2D5 /* Resources */ = {
			isa = PBXResourcesBuildPhase;
			buildActionMask = 2147483647;
			files = (
			);
			runOnlyForDeploymentPostprocessing = 0;
		};
/* End PBXResourcesBuildPhase section */

/* Begin PBXSourcesBuildPhase section */
		372402531956381A0033D2D5 /* Sources */ = {
			isa = PBXSourcesBuildPhase;
			buildActionMask = 2147483647;
			files = (
				372402621956381A0033D2D5 /* ViewController.swift in Sources */,
				3724027F195641540033D2D5 /* AppDefaults.swift in Sources */,
				3724027D19563BA10033D2D5 /* Context.swift in Sources */,
				3724025D1956381A0033D2D5 /* AppDelegate.swift in Sources */,
				372402601956381A0033D2D5 /* GatineauSwift.xcdatamodeld in Sources */,
			);
			runOnlyForDeploymentPostprocessing = 0;
		};
		372402681956381A0033D2D5 /* Sources */ = {
			isa = PBXSourcesBuildPhase;
			buildActionMask = 2147483647;
			files = (
				370A88E31976031000E0F16D /* AppDelegateTests.swift in Sources */,
				372402731956381A0033D2D5 /* GatineauSwiftTests.swift in Sources */,
				37240281195641A30033D2D5 /* AppDefaultsTests.swift in Sources */,
				370A88E1197602EC00E0F16D /* ContextTests.swift in Sources */,
			);
			runOnlyForDeploymentPostprocessing = 0;
		};
/* End PBXSourcesBuildPhase section */

/* Begin PBXTargetDependency section */
		3724026E1956381A0033D2D5 /* PBXTargetDependency */ = {
			isa = PBXTargetDependency;
			target = 372402561956381A0033D2D5 /* GatineauSwift */;
			targetProxy = 3724026D1956381A0033D2D5 /* PBXContainerItemProxy */;
		};
/* End PBXTargetDependency section */

/* Begin PBXVariantGroup section */
		372402631956381A0033D2D5 /* Main.storyboard */ = {
			isa = PBXVariantGroup;
			children = (
				372402641956381A0033D2D5 /* Base */,
			);
			name = Main.storyboard;
			sourceTree = "<group>";
		};
/* End PBXVariantGroup section */

/* Begin XCBuildConfiguration section */
		372402741956381A0033D2D5 /* Debug */ = {
			isa = XCBuildConfiguration;
			buildSettings = {
				ALWAYS_SEARCH_USER_PATHS = NO;
				CLANG_CXX_LANGUAGE_STANDARD = "gnu++0x";
				CLANG_CXX_LIBRARY = "libc++";
				CLANG_ENABLE_MODULES = YES;
				CLANG_ENABLE_OBJC_ARC = YES;
				CLANG_WARN_BOOL_CONVERSION = YES;
				CLANG_WARN_CONSTANT_CONVERSION = YES;
				CLANG_WARN_DIRECT_OBJC_ISA_USAGE = YES_ERROR;
				CLANG_WARN_EMPTY_BODY = YES;
				CLANG_WARN_ENUM_CONVERSION = YES;
				CLANG_WARN_INT_CONVERSION = YES;
				CLANG_WARN_OBJC_ROOT_CLASS = YES_ERROR;
				CLANG_WARN_UNREACHABLE_CODE = YES;
				CLANG_WARN__DUPLICATE_METHOD_MATCH = YES;
				"CODE_SIGN_IDENTITY[sdk=iphoneos*]" = "iPhone Developer";
				COPY_PHASE_STRIP = NO;
				ENABLE_STRICT_OBJC_MSGSEND = YES;
				GCC_C_LANGUAGE_STANDARD = gnu99;
				GCC_DYNAMIC_NO_PIC = NO;
				GCC_OPTIMIZATION_LEVEL = 0;
				GCC_PREPROCESSOR_DEFINITIONS = (
					"DEBUG=1",
					"$(inherited)",
				);
				GCC_SYMBOLS_PRIVATE_EXTERN = NO;
				GCC_WARN_64_TO_32_BIT_CONVERSION = YES;
				GCC_WARN_ABOUT_RETURN_TYPE = YES_ERROR;
				GCC_WARN_UNDECLARED_SELECTOR = YES;
				GCC_WARN_UNINITIALIZED_AUTOS = YES_AGGRESSIVE;
				GCC_WARN_UNUSED_FUNCTION = YES;
				GCC_WARN_UNUSED_VARIABLE = YES;
				IPHONEOS_DEPLOYMENT_TARGET = 8.0;
				METAL_ENABLE_DEBUG_INFO = YES;
				ONLY_ACTIVE_ARCH = YES;
				SDKROOT = iphoneos;
				SWIFT_OPTIMIZATION_LEVEL = "-Onone";
			};
			name = Debug;
		};
		372402751956381A0033D2D5 /* Release */ = {
			isa = XCBuildConfiguration;
			buildSettings = {
				ALWAYS_SEARCH_USER_PATHS = NO;
				CLANG_CXX_LANGUAGE_STANDARD = "gnu++0x";
				CLANG_CXX_LIBRARY = "libc++";
				CLANG_ENABLE_MODULES = YES;
				CLANG_ENABLE_OBJC_ARC = YES;
				CLANG_WARN_BOOL_CONVERSION = YES;
				CLANG_WARN_CONSTANT_CONVERSION = YES;
				CLANG_WARN_DIRECT_OBJC_ISA_USAGE = YES_ERROR;
				CLANG_WARN_EMPTY_BODY = YES;
				CLANG_WARN_ENUM_CONVERSION = YES;
				CLANG_WARN_INT_CONVERSION = YES;
				CLANG_WARN_OBJC_ROOT_CLASS = YES_ERROR;
				CLANG_WARN_UNREACHABLE_CODE = YES;
				CLANG_WARN__DUPLICATE_METHOD_MATCH = YES;
				"CODE_SIGN_IDENTITY[sdk=iphoneos*]" = "iPhone Developer";
				COPY_PHASE_STRIP = YES;
				ENABLE_NS_ASSERTIONS = NO;
				ENABLE_STRICT_OBJC_MSGSEND = YES;
				GCC_C_LANGUAGE_STANDARD = gnu99;
				GCC_WARN_64_TO_32_BIT_CONVERSION = YES;
				GCC_WARN_ABOUT_RETURN_TYPE = YES_ERROR;
				GCC_WARN_UNDECLARED_SELECTOR = YES;
				GCC_WARN_UNINITIALIZED_AUTOS = YES_AGGRESSIVE;
				GCC_WARN_UNUSED_FUNCTION = YES;
				GCC_WARN_UNUSED_VARIABLE = YES;
				IPHONEOS_DEPLOYMENT_TARGET = 8.0;
				METAL_ENABLE_DEBUG_INFO = NO;
				SDKROOT = iphoneos;
				VALIDATE_PRODUCT = YES;
			};
			name = Release;
		};
		372402771956381A0033D2D5 /* Debug */ = {
			isa = XCBuildConfiguration;
			buildSettings = {
				ASSETCATALOG_COMPILER_APPICON_NAME = AppIcon;
				ASSETCATALOG_COMPILER_LAUNCHIMAGE_NAME = LaunchImage;
				INFOPLIST_FILE = GatineauSwift/Info.plist;
				LD_RUNPATH_SEARCH_PATHS = "$(inherited) @executable_path/Frameworks";
				PRODUCT_NAME = "$(TARGET_NAME)";
			};
			name = Debug;
		};
		372402781956381A0033D2D5 /* Release */ = {
			isa = XCBuildConfiguration;
			buildSettings = {
				ASSETCATALOG_COMPILER_APPICON_NAME = AppIcon;
				ASSETCATALOG_COMPILER_LAUNCHIMAGE_NAME = LaunchImage;
				INFOPLIST_FILE = GatineauSwift/Info.plist;
				LD_RUNPATH_SEARCH_PATHS = "$(inherited) @executable_path/Frameworks";
				PRODUCT_NAME = "$(TARGET_NAME)";
			};
			name = Release;
		};
		3724027A1956381A0033D2D5 /* Debug */ = {
			isa = XCBuildConfiguration;
			buildSettings = {
				BUNDLE_LOADER = "$(BUILT_PRODUCTS_DIR)/GatineauSwift.app/GatineauSwift";
				FRAMEWORK_SEARCH_PATHS = (
					"$(SDKROOT)/Developer/Library/Frameworks",
					"$(inherited)",
				);
				GCC_PREPROCESSOR_DEFINITIONS = (
					"DEBUG=1",
					"$(inherited)",
				);
				INFOPLIST_FILE = GatineauSwiftTests/Info.plist;
				LD_RUNPATH_SEARCH_PATHS = "$(inherited) @executable_path/Frameworks @loader_path/Frameworks";
				METAL_ENABLE_DEBUG_INFO = YES;
				PRODUCT_NAME = "$(TARGET_NAME)";
				TEST_HOST = "$(BUNDLE_LOADER)";
			};
			name = Debug;
		};
		3724027B1956381A0033D2D5 /* Release */ = {
			isa = XCBuildConfiguration;
			buildSettings = {
				BUNDLE_LOADER = "$(BUILT_PRODUCTS_DIR)/GatineauSwift.app/GatineauSwift";
				FRAMEWORK_SEARCH_PATHS = (
					"$(SDKROOT)/Developer/Library/Frameworks",
					"$(inherited)",
				);
				INFOPLIST_FILE = GatineauSwiftTests/Info.plist;
				LD_RUNPATH_SEARCH_PATHS = "$(inherited) @executable_path/Frameworks @loader_path/Frameworks";
				METAL_ENABLE_DEBUG_INFO = NO;
				PRODUCT_NAME = "$(TARGET_NAME)";
				TEST_HOST = "$(BUNDLE_LOADER)";
			};
			name = Release;
		};
/* End XCBuildConfiguration section */

/* Begin XCConfigurationList section */
		372402521956381A0033D2D5 /* Build configuration list for PBXProject "GatineauSwift" */ = {
			isa = XCConfigurationList;
			buildConfigurations = (
				372402741956381A0033D2D5 /* Debug */,
				372402751956381A0033D2D5 /* Release */,
			);
			defaultConfigurationIsVisible = 0;
			defaultConfigurationName = Release;
		};
		372402761956381A0033D2D5 /* Build configuration list for PBXNativeTarget "GatineauSwift" */ = {
			isa = XCConfigurationList;
			buildConfigurations = (
				372402771956381A0033D2D5 /* Debug */,
				372402781956381A0033D2D5 /* Release */,
			);
			defaultConfigurationIsVisible = 0;
			defaultConfigurationName = Release;
		};
		372402791956381A0033D2D5 /* Build configuration list for PBXNativeTarget "GatineauSwiftTests" */ = {
			isa = XCConfigurationList;
			buildConfigurations = (
				3724027A1956381A0033D2D5 /* Debug */,
				3724027B1956381A0033D2D5 /* Release */,
			);
			defaultConfigurationIsVisible = 0;
			defaultConfigurationName = Release;
		};
/* End XCConfigurationList section */

/* Begin XCVersionGroup section */
		3724025E1956381A0033D2D5 /* GatineauSwift.xcdatamodeld */ = {
			isa = XCVersionGroup;
			children = (
				3724025F1956381A0033D2D5 /* GatineauSwift.xcdatamodel */,
			);
			currentVersion = 3724025F1956381A0033D2D5 /* GatineauSwift.xcdatamodel */;
			path = GatineauSwift.xcdatamodeld;
			sourceTree = "<group>";
			versionGroupType = wrapper.xcdatamodel;
		};
/* End XCVersionGroup section */
	};
	rootObject = 3724024F1956381A0033D2D5 /* Project object */;
}
